
Microsoft Visual Studio Solution File, Format Version 12.00
# Visual Studio Version 16
VisualStudioVersion = 16.0.30804.86
MinimumVisualStudioVersion = 10.0.40219.1
Project("{FAE04EC0-301F-11D3-BF4B-00C04F79EFBC}") = "JustEat.RecruitmentTest.TestSpecs", "JustEat.RecruitmentTest.TestSpecs\JustEat.RecruitmentTest.TestSpecs.csproj", "{9BB33A0F-EB96-41C8-93C0-7075EF21DFFF}"
EndProject
Project("{FAE04EC0-301F-11D3-BF4B-00C04F79EFBC}") = "JustEat.RecruitmentTest.RestClient", "JustEat.RecruitmentTest.RestClient\JustEat.RecruitmentTest.RestClient.csproj", "{C64FAE24-DF4D-48B7-B662-CC88A32645CC}"
EndProject
Global
	GlobalSection(SolutionConfigurationPlatforms) = preSolution
		Debug|Any CPU = Debug|Any CPU
		Release|Any CPU = Release|Any CPU
	EndGlobalSection
	GlobalSection(ProjectConfigurationPlatforms) = postSolution
		{9BB33A0F-EB96-41C8-93C0-7075EF21DFFF}.Debug|Any CPU.ActiveCfg = Debug|Any CPU
		{9BB33A0F-EB96-41C8-93C0-7075EF21DFFF}.Debug|Any CPU.Build.0 = Debug|Any CPU
		{9BB33A0F-EB96-41C8-93C0-7075EF21DFFF}.Release|Any CPU.ActiveCfg = Release|Any CPU
		{9BB33A0F-EB96-41C8-93C0-7075EF21DFFF}.Release|Any CPU.Build.0 = Release|Any CPU
		{C64FAE24-DF4D-48B7-B662-CC88A32645CC}.Debug|Any CPU.ActiveCfg = Debug|Any CPU
		{C64FAE24-DF4D-48B7-B662-CC88A32645CC}.Debug|Any CPU.Build.0 = Debug|Any CPU
		{C64FAE24-DF4D-48B7-B662-CC88A32645CC}.Release|Any CPU.ActiveCfg = Release|Any CPU
		{C64FAE24-DF4D-48B7-B662-CC88A32645CC}.Release|Any CPU.Build.0 = Release|Any CPU
	EndGlobalSection
	GlobalSection(SolutionProperties) = preSolution
		HideSolutionNode = FALSE
	EndGlobalSection
	GlobalSection(ExtensibilityGlobals) = postSolution
		SolutionGuid = {4DBDF384-6263-4153-AA6E-46775674CBD9}
	EndGlobalSection
EndGlobal
